
Microsoft Visual Studio Solution File, Format Version 12.00
# Visual Studio 15
VisualStudioVersion = 15.0.28307.1525
MinimumVisualStudioVersion = 10.0.40219.1
Project("{9A19103F-16F7-4668-BE54-9A1E7A4F7556}") = "breadyMod", "breadyMod.csproj", "{FE474B01-5A64-4506-ABCC-30E73981C544}"
EndProject
Global
	GlobalSection(SolutionConfigurationPlatforms) = preSolution
		Debug|Any CPU = Debug|Any CPU
		Release|Any CPU = Release|Any CPU
	EndGlobalSection
	GlobalSection(ProjectConfigurationPlatforms) = postSolution
		{FE474B01-5A64-4506-ABCC-30E73981C544}.Debug|Any CPU.ActiveCfg = Debug|Any CPU
		{FE474B01-5A64-4506-ABCC-30E73981C544}.Debug|Any CPU.Build.0 = Debug|Any CPU
		{FE474B01-5A64-4506-ABCC-30E73981C544}.Release|Any CPU.ActiveCfg = Release|Any CPU
		{FE474B01-5A64-4506-ABCC-30E73981C544}.Release|Any CPU.Build.0 = Release|Any CPU
	EndGlobalSection
	GlobalSection(SolutionProperties) = preSolution
		HideSolutionNode = FALSE
	EndGlobalSection
	GlobalSection(ExtensibilityGlobals) = postSolution
		SolutionGuid = {6349BA9D-6320-48EA-A161-22F2AFDE5D83}
	EndGlobalSection
EndGlobal
